
Microsoft Visual Studio Solution File, Format Version 12.00
# Visual Studio 15
VisualStudioVersion = 15.0.28307.852
MinimumVisualStudioVersion = 10.0.40219.1
Project("{E24C65DC-7377-472B-9ABA-BC803B73C61A}") = "Grupo10_Paso4", "Grupo10_Paso4\", "{ADAB5970-7F51-41A0-B6ED-CD155499EE5E}"
	ProjectSection(WebsiteProperties) = preProject
		TargetFrameworkMoniker = ".NETFramework,Version%3Dv4.6.1"
		Debug.AspNetCompiler.VirtualPath = "/localhost_63505"
		Debug.AspNetCompiler.PhysicalPath = "Grupo10_Paso4\"
		Debug.AspNetCompiler.TargetPath = "PrecompiledWeb\localhost_63505\"
		Debug.AspNetCompiler.Updateable = "true"
		Debug.AspNetCompiler.ForceOverwrite = "true"
		Debug.AspNetCompiler.FixedNames = "false"
		Debug.AspNetCompiler.Debug = "True"
		Release.AspNetCompiler.VirtualPath = "/localhost_63505"
		Release.AspNetCompiler.PhysicalPath = "Grupo10_Paso4\"
		Release.AspNetCompiler.TargetPath = "PrecompiledWeb\localhost_63505\"
		Release.AspNetCompiler.Updateable = "true"
		Release.AspNetCompiler.ForceOverwrite = "true"
		Release.AspNetCompiler.FixedNames = "false"
		Release.AspNetCompiler.Debug = "False"
		VWDPort = "63505"
		SlnRelativePath = "Grupo10_Paso4\"
		DefaultWebSiteLanguage = "Visual C#"
	EndProjectSection
EndProject
Global
	GlobalSection(SolutionConfigurationPlatforms) = preSolution
		Debug|Any CPU = Debug|Any CPU
	EndGlobalSection
	GlobalSection(ProjectConfigurationPlatforms) = postSolution
		{ADAB5970-7F51-41A0-B6ED-CD155499EE5E}.Debug|Any CPU.ActiveCfg = Debug|Any CPU
		{ADAB5970-7F51-41A0-B6ED-CD155499EE5E}.Debug|Any CPU.Build.0 = Debug|Any CPU
	EndGlobalSection
	GlobalSection(SolutionProperties) = preSolution
		HideSolutionNode = FALSE
	EndGlobalSection
	GlobalSection(ExtensibilityGlobals) = postSolution
		SolutionGuid = {878BCFB5-A622-4925-B4DD-3222C8B772D2}
	EndGlobalSection
EndGlobal
